
Microsoft Visual Studio Solution File, Format Version 12.00
# Visual Studio 15
VisualStudioVersion = 15.0.28307.438
MinimumVisualStudioVersion = 10.0.40219.1
Project("{FAE04EC0-301F-11D3-BF4B-00C04F79EFBC}") = "Calculo", "Calculo\Calculo.csproj", "{D998F9F1-F2DB-4238-AE9E-DA3EE312F652}"
EndProject
Global
	GlobalSection(SolutionConfigurationPlatforms) = preSolution
		Debug|Any CPU = Debug|Any CPU
		Release|Any CPU = Release|Any CPU
	EndGlobalSection
	GlobalSection(ProjectConfigurationPlatforms) = postSolution
		{D998F9F1-F2DB-4238-AE9E-DA3EE312F652}.Debug|Any CPU.ActiveCfg = Debug|Any CPU
		{D998F9F1-F2DB-4238-AE9E-DA3EE312F652}.Debug|Any CPU.Build.0 = Debug|Any CPU
		{D998F9F1-F2DB-4238-AE9E-DA3EE312F652}.Release|Any CPU.ActiveCfg = Release|Any CPU
		{D998F9F1-F2DB-4238-AE9E-DA3EE312F652}.Release|Any CPU.Build.0 = Release|Any CPU
	EndGlobalSection
	GlobalSection(SolutionProperties) = preSolution
		HideSolutionNode = FALSE
	EndGlobalSection
	GlobalSection(ExtensibilityGlobals) = postSolution
		SolutionGuid = {975BB1EE-8FD5-493A-8DB0-53A4EB14C8B5}
	EndGlobalSection
EndGlobal
